// !$*UTF8*$!
{
	archiveVersion = 1;
	classes = {
	};
	objectVersion = 50;
	objects = {

/* Begin PBXBuildFile section */
		4C11D3BA2329DB3F002AE659 /* LoginView+ViewModel.swift in Sources */ = {isa = PBXBuildFile; fileRef = 4C11D3B92329DB3F002AE659 /* LoginView+ViewModel.swift */; };
		4C868E922325F45A00E273A0 /* AppDelegate.swift in Sources */ = {isa = PBXBuildFile; fileRef = 4C868E912325F45A00E273A0 /* AppDelegate.swift */; };
		4C868E942325F45A00E273A0 /* SceneDelegate.swift in Sources */ = {isa = PBXBuildFile; fileRef = 4C868E932325F45A00E273A0 /* SceneDelegate.swift */; };
		4C868E962325F45A00E273A0 /* ContentView.swift in Sources */ = {isa = PBXBuildFile; fileRef = 4C868E952325F45A00E273A0 /* ContentView.swift */; };
		4C868E982325F46100E273A0 /* Assets.xcassets in Resources */ = {isa = PBXBuildFile; fileRef = 4C868E972325F46100E273A0 /* Assets.xcassets */; };
		4C868E9B2325F46100E273A0 /* Preview Assets.xcassets in Resources */ = {isa = PBXBuildFile; fileRef = 4C868E9A2325F46100E273A0 /* Preview Assets.xcassets */; };
		4C868E9E2325F46100E273A0 /* LaunchScreen.storyboard in Resources */ = {isa = PBXBuildFile; fileRef = 4C868E9C2325F46100E273A0 /* LaunchScreen.storyboard */; };
		4C868EA62325F50600E273A0 /* LoginView.swift in Sources */ = {isa = PBXBuildFile; fileRef = 4C868EA52325F50600E273A0 /* LoginView.swift */; };
		82C360EC27BC3ACC0035CA82 /* TextFieldUnderline.swift in Sources */ = {isa = PBXBuildFile; fileRef = 82C360EB27BC3ACC0035CA82 /* TextFieldUnderline.swift */; };
		82C360F027BD06410035CA82 /* SmallTitle.swift in Sources */ = {isa = PBXBuildFile; fileRef = 82C360EF27BD06410035CA82 /* SmallTitle.swift */; };
/* End PBXBuildFile section */

/* Begin PBXFileReference section */
		4C11D3B92329DB3F002AE659 /* LoginView+ViewModel.swift */ = {isa = PBXFileReference; lastKnownFileType = sourcecode.swift; path = "LoginView+ViewModel.swift"; sourceTree = "<group>"; };
		4C868E8E2325F45A00E273A0 /* UsernamePasswordSwiftUI.app */ = {isa = PBXFileReference; explicitFileType = wrapper.application; includeInIndex = 0; path = UsernamePasswordSwiftUI.app; sourceTree = BUILT_PRODUCTS_DIR; };
		4C868E912325F45A00E273A0 /* AppDelegate.swift */ = {isa = PBXFileReference; lastKnownFileType = sourcecode.swift; path = AppDelegate.swift; sourceTree = "<group>"; };
		4C868E932325F45A00E273A0 /* SceneDelegate.swift */ = {isa = PBXFileReference; lastKnownFileType = sourcecode.swift; path = SceneDelegate.swift; sourceTree = "<group>"; };
		4C868E952325F45A00E273A0 /* ContentView.swift */ = {isa = PBXFileReference; lastKnownFileType = sourcecode.swift; path = ContentView.swift; sourceTree = "<group>"; };
		4C868E972325F46100E273A0 /* Assets.xcassets */ = {isa = PBXFileReference; lastKnownFileType = folder.assetcatalog; path = Assets.xcassets; sourceTree = "<group>"; };
		4C868E9A2325F46100E273A0 /* Preview Assets.xcassets */ = {isa = PBXFileReference; lastKnownFileType = folder.assetcatalog; path = "Preview Assets.xcassets"; sourceTree = "<group>"; };
		4C868E9D2325F46100E273A0 /* Base */ = {isa = PBXFileReference; lastKnownFileType = file.storyboard; name = Base; path = Base.lproj/LaunchScreen.storyboard; sourceTree = "<group>"; };
		4C868E9F2325F46100E273A0 /* Info.plist */ = {isa = PBXFileReference; lastKnownFileType = text.plist.xml; path = Info.plist; sourceTree = "<group>"; };
		4C868EA52325F50600E273A0 /* LoginView.swift */ = {isa = PBXFileReference; lastKnownFileType = sourcecode.swift; path = LoginView.swift; sourceTree = "<group>"; };
		82C360EB27BC3ACC0035CA82 /* TextFieldUnderline.swift */ = {isa = PBXFileReference; lastKnownFileType = sourcecode.swift; path = TextFieldUnderline.swift; sourceTree = "<group>"; };
		82C360EF27BD06410035CA82 /* SmallTitle.swift */ = {isa = PBXFileReference; lastKnownFileType = sourcecode.swift; path = SmallTitle.swift; sourceTree = "<group>"; };
/* End PBXFileReference section */

/* Begin PBXFrameworksBuildPhase section */
		4C868E8B2325F45A00E273A0 /* Frameworks */ = {
			isa = PBXFrameworksBuildPhase;
			buildActionMask = 2147483647;
			files = (
			);
			runOnlyForDeploymentPostprocessing = 0;
		};
/* End PBXFrameworksBuildPhase section */

/* Begin PBXGroup section */
		4C868E852325F45A00E273A0 = {
			isa = PBXGroup;
			children = (
				4C868E902325F45A00E273A0 /* UsernamePasswordSwiftUI */,
				4C868E8F2325F45A00E273A0 /* Products */,
			);
			sourceTree = "<group>";
		};
		4C868E8F2325F45A00E273A0 /* Products */ = {
			isa = PBXGroup;
			children = (
				4C868E8E2325F45A00E273A0 /* UsernamePasswordSwiftUI.app */,
			);
			name = Products;
			sourceTree = "<group>";
		};
		4C868E902325F45A00E273A0 /* UsernamePasswordSwiftUI */ = {
			isa = PBXGroup;
			children = (
				4C868E9F2325F46100E273A0 /* Info.plist */,
				4C868E912325F45A00E273A0 /* AppDelegate.swift */,
				4C868E932325F45A00E273A0 /* SceneDelegate.swift */,
				82C360ED27BD06080035CA82 /* Views */,
				82C360EE27BD06100035CA82 /* Modifiers */,
				4C868E972325F46100E273A0 /* Assets.xcassets */,
				4C868E9C2325F46100E273A0 /* LaunchScreen.storyboard */,
				4C868E992325F46100E273A0 /* Preview Content */,
			);
			path = UsernamePasswordSwiftUI;
			sourceTree = "<group>";
		};
		4C868E992325F46100E273A0 /* Preview Content */ = {
			isa = PBXGroup;
			children = (
				4C868E9A2325F46100E273A0 /* Preview Assets.xcassets */,
			);
			path = "Preview Content";
			sourceTree = "<group>";
		};
		82C360ED27BD06080035CA82 /* Views */ = {
			isa = PBXGroup;
			children = (
				4C868E952325F45A00E273A0 /* ContentView.swift */,
				82C360F327BD08510035CA82 /* LoginView */,
			);
			path = Views;
			sourceTree = "<group>";
		};
		82C360EE27BD06100035CA82 /* Modifiers */ = {
			isa = PBXGroup;
			children = (
				82C360EF27BD06410035CA82 /* SmallTitle.swift */,
				82C360EB27BC3ACC0035CA82 /* TextFieldUnderline.swift */,
			);
			path = Modifiers;
			sourceTree = "<group>";
		};
		82C360F327BD08510035CA82 /* LoginView */ = {
			isa = PBXGroup;
			children = (
				4C868EA52325F50600E273A0 /* LoginView.swift */,
				4C11D3B92329DB3F002AE659 /* LoginView+ViewModel.swift */,
			);
			path = LoginView;
			sourceTree = "<group>";
		};
/* End PBXGroup section */

/* Begin PBXNativeTarget section */
		4C868E8D2325F45A00E273A0 /* UsernamePasswordSwiftUI */ = {
			isa = PBXNativeTarget;
			buildConfigurationList = 4C868EA22325F46100E273A0 /* Build configuration list for PBXNativeTarget "UsernamePasswordSwiftUI" */;
			buildPhases = (
				4C868E8A2325F45A00E273A0 /* Sources */,
				4C868E8B2325F45A00E273A0 /* Frameworks */,
				4C868E8C2325F45A00E273A0 /* Resources */,
			);
			buildRules = (
			);
			dependencies = (
			);
			name = UsernamePasswordSwiftUI;
			productName = UsernamePasswordSwiftUI;
			productReference = 4C868E8E2325F45A00E273A0 /* UsernamePasswordSwiftUI.app */;
			productType = "com.apple.product-type.application";
		};
/* End PBXNativeTarget section */

/* Begin PBXProject section */
		4C868E862325F45A00E273A0 /* Project object */ = {
			isa = PBXProject;
			attributes = {
				LastSwiftUpdateCheck = 1100;
				LastUpgradeCheck = 1100;
				ORGANIZATIONNAME = "";
				TargetAttributes = {
					4C868E8D2325F45A00E273A0 = {
						CreatedOnToolsVersion = 11.0;
					};
				};
			};
			buildConfigurationList = 4C868E892325F45A00E273A0 /* Build configuration list for PBXProject "UsernamePasswordSwiftUI" */;
			compatibilityVersion = "Xcode 9.3";
			developmentRegion = en;
			hasScannedForEncodings = 0;
			knownRegions = (
				en,
				Base,
			);
			mainGroup = 4C868E852325F45A00E273A0;
			productRefGroup = 4C868E8F2325F45A00E273A0 /* Products */;
			projectDirPath = "";
			projectRoot = "";
			targets = (
				4C868E8D2325F45A00E273A0 /* UsernamePasswordSwiftUI */,
			);
		};
/* End PBXProject section */

/* Begin PBXResourcesBuildPhase section */
		4C868E8C2325F45A00E273A0 /* Resources */ = {
			isa = PBXResourcesBuildPhase;
			buildActionMask = 2147483647;
			files = (
				4C868E9E2325F46100E273A0 /* LaunchScreen.storyboard in Resources */,
				4C868E9B2325F46100E273A0 /* Preview Assets.xcassets in Resources */,
				4C868E982325F46100E273A0 /* Assets.xcassets in Resources */,
			);
			runOnlyForDeploymentPostprocessing = 0;
		};
/* End PBXResourcesBuildPhase section */

/* Begin PBXSourcesBuildPhase section */
		4C868E8A2325F45A00E273A0 /* Sources */ = {
			isa = PBXSourcesBuildPhase;
			buildActionMask = 2147483647;
			files = (
				4C868E922325F45A00E273A0 /* AppDelegate.swift in Sources */,
				4C868E942325F45A00E273A0 /* SceneDelegate.swift in Sources */,
				82C360F027BD06410035CA82 /* SmallTitle.swift in Sources */,
				82C360EC27BC3ACC0035CA82 /* TextFieldUnderline.swift in Sources */,
				4C868EA62325F50600E273A0 /* LoginView.swift in Sources */,
				4C11D3BA2329DB3F002AE659 /* LoginView+ViewModel.swift in Sources */,
				4C868E962325F45A00E273A0 /* ContentView.swift in Sources */,
			);
			runOnlyForDeploymentPostprocessing = 0;
		};
/* End PBXSourcesBuildPhase section */

/* Begin PBXVariantGroup section */
		4C868E9C2325F46100E273A0 /* LaunchScreen.storyboard */ = {
			isa = PBXVariantGroup;
			children = (
				4C868E9D2325F46100E273A0 /* Base */,
			);
			name = LaunchScreen.storyboard;
			sourceTree = "<group>";
		};
/* End PBXVariantGroup section */

/* Begin XCBuildConfiguration section */
		4C868EA02325F46100E273A0 /* Debug */ = {
			isa = XCBuildConfiguration;
			buildSettings = {
				ALWAYS_SEARCH_USER_PATHS = NO;
				CLANG_ANALYZER_NONNULL = YES;
				CLANG_ANALYZER_NUMBER_OBJECT_CONVERSION = YES_AGGRESSIVE;
				CLANG_CXX_LANGUAGE_STANDARD = "gnu++14";
				CLANG_CXX_LIBRARY = "libc++";
				CLANG_ENABLE_MODULES = YES;
				CLANG_ENABLE_OBJC_ARC = YES;
				CLANG_ENABLE_OBJC_WEAK = YES;
				CLANG_WARN_BLOCK_CAPTURE_AUTORELEASING = YES;
				CLANG_WARN_BOOL_CONVERSION = YES;
				CLANG_WARN_COMMA = YES;
				CLANG_WARN_CONSTANT_CONVERSION = YES;
				CLANG_WARN_DEPRECATED_OBJC_IMPLEMENTATIONS = YES;
				CLANG_WARN_DIRECT_OBJC_ISA_USAGE = YES_ERROR;
				CLANG_WARN_DOCUMENTATION_COMMENTS = YES;
				CLANG_WARN_EMPTY_BODY = YES;
				CLANG_WARN_ENUM_CONVERSION = YES;
				CLANG_WARN_INFINITE_RECURSION = YES;
				CLANG_WARN_INT_CONVERSION = YES;
				CLANG_WARN_NON_LITERAL_NULL_CONVERSION = YES;
				CLANG_WARN_OBJC_IMPLICIT_RETAIN_SELF = YES;
				CLANG_WARN_OBJC_LITERAL_CONVERSION = YES;
				CLANG_WARN_OBJC_ROOT_CLASS = YES_ERROR;
				CLANG_WARN_RANGE_LOOP_ANALYSIS = YES;
				CLANG_WARN_STRICT_PROTOTYPES = YES;
				CLANG_WARN_SUSPICIOUS_MOVE = YES;
				CLANG_WARN_UNGUARDED_AVAILABILITY = YES_AGGRESSIVE;
				CLANG_WARN_UNREACHABLE_CODE = YES;
				CLANG_WARN__DUPLICATE_METHOD_MATCH = YES;
				COPY_PHASE_STRIP = NO;
				DEBUG_INFORMATION_FORMAT = dwarf;
				ENABLE_STRICT_OBJC_MSGSEND = YES;
				ENABLE_TESTABILITY = YES;
				GCC_C_LANGUAGE_STANDARD = gnu11;
				GCC_DYNAMIC_NO_PIC = NO;
				GCC_NO_COMMON_BLOCKS = YES;
				GCC_OPTIMIZATION_LEVEL = 0;
				GCC_PREPROCESSOR_DEFINITIONS = (
					"DEBUG=1",
					"$(inherited)",
				);
				GCC_WARN_64_TO_32_BIT_CONVERSION = YES;
				GCC_WARN_ABOUT_RETURN_TYPE = YES_ERROR;
				GCC_WARN_UNDECLARED_SELECTOR = YES;
				GCC_WARN_UNINITIALIZED_AUTOS = YES_AGGRESSIVE;
				GCC_WARN_UNUSED_FUNCTION = YES;
				GCC_WARN_UNUSED_VARIABLE = YES;
				IPHONEOS_DEPLOYMENT_TARGET = 13.0;
				MTL_ENABLE_DEBUG_INFO = INCLUDE_SOURCE;
				MTL_FAST_MATH = YES;
				ONLY_ACTIVE_ARCH = YES;
				SDKROOT = iphoneos;
				SWIFT_ACTIVE_COMPILATION_CONDITIONS = DEBUG;
				SWIFT_OPTIMIZATION_LEVEL = "-Onone";
			};
			name = Debug;
		};
		4C868EA12325F46100E273A0 /* Release */ = {
			isa = XCBuildConfiguration;
			buildSettings = {
				ALWAYS_SEARCH_USER_PATHS = NO;
				CLANG_ANALYZER_NONNULL = YES;
				CLANG_ANALYZER_NUMBER_OBJECT_CONVERSION = YES_AGGRESSIVE;
				CLANG_CXX_LANGUAGE_STANDARD = "gnu++14";
				CLANG_CXX_LIBRARY = "libc++";
				CLANG_ENABLE_MODULES = YES;
				CLANG_ENABLE_OBJC_ARC = YES;
				CLANG_ENABLE_OBJC_WEAK = YES;
				CLANG_WARN_BLOCK_CAPTURE_AUTORELEASING = YES;
				CLANG_WARN_BOOL_CONVERSION = YES;
				CLANG_WARN_COMMA = YES;
				CLANG_WARN_CONSTANT_CONVERSION = YES;
				CLANG_WARN_DEPRECATED_OBJC_IMPLEMENTATIONS = YES;
				CLANG_WARN_DIRECT_OBJC_ISA_USAGE = YES_ERROR;
				CLANG_WARN_DOCUMENTATION_COMMENTS = YES;
				CLANG_WARN_EMPTY_BODY = YES;
				CLANG_WARN_ENUM_CONVERSION = YES;
				CLANG_WARN_INFINITE_RECURSION = YES;
				CLANG_WARN_INT_CONVERSION = YES;
				CLANG_WARN_NON_LITERAL_NULL_CONVERSION = YES;
				CLANG_WARN_OBJC_IMPLICIT_RETAIN_SELF = YES;
				CLANG_WARN_OBJC_LITERAL_CONVERSION = YES;
				CLANG_WARN_OBJC_ROOT_CLASS = YES_ERROR;
				CLANG_WARN_RANGE_LOOP_ANALYSIS = YES;
				CLANG_WARN_STRICT_PROTOTYPES = YES;
				CLANG_WARN_SUSPICIOUS_MOVE = YES;
				CLANG_WARN_UNGUARDED_AVAILABILITY = YES_AGGRESSIVE;
				CLANG_WARN_UNREACHABLE_CODE = YES;
				CLANG_WARN__DUPLICATE_METHOD_MATCH = YES;
				COPY_PHASE_STRIP = NO;
				DEBUG_INFORMATION_FORMAT = "dwarf-with-dsym";
				ENABLE_NS_ASSERTIONS = NO;
				ENABLE_STRICT_OBJC_MSGSEND = YES;
				GCC_C_LANGUAGE_STANDARD = gnu11;
				GCC_NO_COMMON_BLOCKS = YES;
				GCC_WARN_64_TO_32_BIT_CONVERSION = YES;
				GCC_WARN_ABOUT_RETURN_TYPE = YES_ERROR;
				GCC_WARN_UNDECLARED_SELECTOR = YES;
				GCC_WARN_UNINITIALIZED_AUTOS = YES_AGGRESSIVE;
				GCC_WARN_UNUSED_FUNCTION = YES;
				GCC_WARN_UNUSED_VARIABLE = YES;
				IPHONEOS_DEPLOYMENT_TARGET = 13.0;
				MTL_ENABLE_DEBUG_INFO = NO;
				MTL_FAST_MATH = YES;
				SDKROOT = iphoneos;
				SWIFT_COMPILATION_MODE = wholemodule;
				SWIFT_OPTIMIZATION_LEVEL = "-O";
				VALIDATE_PRODUCT = YES;
			};
			name = Release;
		};
		4C868EA32325F46100E273A0 /* Debug */ = {
			isa = XCBuildConfiguration;
			buildSettings = {
				ASSETCATALOG_COMPILER_APPICON_NAME = AppIcon;
				CODE_SIGN_STYLE = Automatic;
				DEVELOPMENT_ASSET_PATHS = "\"UsernamePasswordSwiftUI/Preview Content\"";
				ENABLE_PREVIEWS = YES;
				INFOPLIST_FILE = UsernamePasswordSwiftUI/Info.plist;
				IPHONEOS_DEPLOYMENT_TARGET = 15.0;
				LD_RUNPATH_SEARCH_PATHS = (
					"$(inherited)",
					"@executable_path/Frameworks",
				);
				PRODUCT_BUNDLE_IDENTIFIER = com.ubs.UsernamePasswordSwiftUI;
				PRODUCT_NAME = "$(TARGET_NAME)";
				SWIFT_VERSION = 5.0;
				TARGETED_DEVICE_FAMILY = "1,2";
			};
			name = Debug;
		};
		4C868EA42325F46100E273A0 /* Release */ = {
			isa = XCBuildConfiguration;
			buildSettings = {
				ASSETCATALOG_COMPILER_APPICON_NAME = AppIcon;
				CODE_SIGN_STYLE = Automatic;
				DEVELOPMENT_ASSET_PATHS = "\"UsernamePasswordSwiftUI/Preview Content\"";
				ENABLE_PREVIEWS = YES;
				INFOPLIST_FILE = UsernamePasswordSwiftUI/Info.plist;
				IPHONEOS_DEPLOYMENT_TARGET = 15.0;
				LD_RUNPATH_SEARCH_PATHS = (
					"$(inherited)",
					"@executable_path/Frameworks",
				);
				PRODUCT_BUNDLE_IDENTIFIER = com.ubs.UsernamePasswordSwiftUI;
				PRODUCT_NAME = "$(TARGET_NAME)";
				SWIFT_VERSION = 5.0;
				TARGETED_DEVICE_FAMILY = "1,2";
			};
			name = Release;
		};
/* End XCBuildConfiguration section */

/* Begin XCConfigurationList section */
		4C868E892325F45A00E273A0 /* Build configuration list for PBXProject "UsernamePasswordSwiftUI" */ = {
			isa = XCConfigurationList;
			buildConfigurations = (
				4C868EA02325F46100E273A0 /* Debug */,
				4C868EA12325F46100E273A0 /* Release */,
			);
			defaultConfigurationIsVisible = 0;
			defaultConfigurationName = Release;
		};
		4C868EA22325F46100E273A0 /* Build configuration list for PBXNativeTarget "UsernamePasswordSwiftUI" */ = {
			isa = XCConfigurationList;
			buildConfigurations = (
				4C868EA32325F46100E273A0 /* Debug */,
				4C868EA42325F46100E273A0 /* Release */,
			);
			defaultConfigurationIsVisible = 0;
			defaultConfigurationName = Release;
		};
/* End XCConfigurationList section */
	};
	rootObject = 4C868E862325F45A00E273A0 /* Project object */;
}
